
Microsoft Visual Studio Solution File, Format Version 12.00
# Visual Studio Version 17
VisualStudioVersion = 17.14.36518.9 d17.14
MinimumVisualStudioVersion = 10.0.40219.1
Project("{FAE04EC0-301F-11D3-BF4B-00C04F79EFBC}") = "API de Reservas", "API de Reservas.csproj", "{CFCC21C5-6203-453C-ACBB-22CD5D7B423D}"
EndProject
Global
	GlobalSection(SolutionConfigurationPlatforms) = preSolution
		Debug|Any CPU = Debug|Any CPU
		Release|Any CPU = Release|Any CPU
	EndGlobalSection
	GlobalSection(ProjectConfigurationPlatforms) = postSolution
		{CFCC21C5-6203-453C-ACBB-22CD5D7B423D}.Debug|Any CPU.ActiveCfg = Debug|Any CPU
		{CFCC21C5-6203-453C-ACBB-22CD5D7B423D}.Debug|Any CPU.Build.0 = Debug|Any CPU
		{CFCC21C5-6203-453C-ACBB-22CD5D7B423D}.Release|Any CPU.ActiveCfg = Release|Any CPU
		{CFCC21C5-6203-453C-ACBB-22CD5D7B423D}.Release|Any CPU.Build.0 = Release|Any CPU
	EndGlobalSection
	GlobalSection(SolutionProperties) = preSolution
		HideSolutionNode = FALSE
	EndGlobalSection
	GlobalSection(ExtensibilityGlobals) = postSolution
		SolutionGuid = {B0FEC06D-323C-4842-84BA-D2093FA2E72E}
	EndGlobalSection
EndGlobal
